// !$*UTF8*$!
{
	archiveVersion = 1;
	classes = {
	};
	objectVersion = 56;
	objects = {

/* Begin PBXBuildFile section */
		EA1D75632A88C72400BF8A38 /* Function.swift in Sources */ = {isa = PBXBuildFile; fileRef = EA1D75622A88C72400BF8A38 /* Function.swift */; };
		EA1D75652A88EFF700BF8A38 /* TabScreen.swift in Sources */ = {isa = PBXBuildFile; fileRef = EA1D75642A88EFF700BF8A38 /* TabScreen.swift */; };
		EA5973282A8B32D200FE999A /* HomeView.swift in Sources */ = {isa = PBXBuildFile; fileRef = EA5973272A8B32D200FE999A /* HomeView.swift */; };
		EA675B592A8F2E1300BEAF3E /* MoreScreen.swift in Sources */ = {isa = PBXBuildFile; fileRef = EA675B582A8F2E1300BEAF3E /* MoreScreen.swift */; };
		EA675B662A8F535700BEAF3E /* WatchViews Watch App.app in Embed Watch Content */ = {isa = PBXBuildFile; fileRef = EA675B652A8F535700BEAF3E /* WatchViews Watch App.app */; settings = {ATTRIBUTES = (RemoveHeadersOnCopy, ); }; };
		EA675B6B2A8F535700BEAF3E /* WatchViewsApp.swift in Sources */ = {isa = PBXBuildFile; fileRef = EA675B6A2A8F535700BEAF3E /* WatchViewsApp.swift */; };
		EA675B6D2A8F535700BEAF3E /* WatchScreen.swift in Sources */ = {isa = PBXBuildFile; fileRef = EA675B6C2A8F535700BEAF3E /* WatchScreen.swift */; };
		EA675B6F2A8F535800BEAF3E /* Assets.xcassets in Resources */ = {isa = PBXBuildFile; fileRef = EA675B6E2A8F535800BEAF3E /* Assets.xcassets */; };
		EA675B722A8F535800BEAF3E /* Preview Assets.xcassets in Resources */ = {isa = PBXBuildFile; fileRef = EA675B712A8F535800BEAF3E /* Preview Assets.xcassets */; };
		EA675B7D2A8F58CA00BEAF3E /* WatchGaugeScreen.swift in Sources */ = {isa = PBXBuildFile; fileRef = EA675B7C2A8F58CA00BEAF3E /* WatchGaugeScreen.swift */; };
		EACF2D3D2A888D3D00ABF2D0 /* ControlScreen.swift in Sources */ = {isa = PBXBuildFile; fileRef = EACF2D3C2A888D3D00ABF2D0 /* ControlScreen.swift */; };
		EAE396BC2A8764B200E23A28 /* SwiftUIDemoApp.swift in Sources */ = {isa = PBXBuildFile; fileRef = EAE396BB2A8764B200E23A28 /* SwiftUIDemoApp.swift */; };
		EAE396C02A8764B200E23A28 /* Assets.xcassets in Resources */ = {isa = PBXBuildFile; fileRef = EAE396BF2A8764B200E23A28 /* Assets.xcassets */; };
		EAE396C32A8764B200E23A28 /* Preview Assets.xcassets in Resources */ = {isa = PBXBuildFile; fileRef = EAE396C22A8764B200E23A28 /* Preview Assets.xcassets */; };
		EAE396CA2A8775BE00E23A28 /* TextScreen.swift in Sources */ = {isa = PBXBuildFile; fileRef = EAE396C92A8775BE00E23A28 /* TextScreen.swift */; };
		EAE396CC2A87795800E23A28 /* ImageScreen.swift in Sources */ = {isa = PBXBuildFile; fileRef = EAE396CB2A87795800E23A28 /* ImageScreen.swift */; };
		EAE396CE2A8779AE00E23A28 /* LayoutScreen.swift in Sources */ = {isa = PBXBuildFile; fileRef = EAE396CD2A8779AE00E23A28 /* LayoutScreen.swift */; };
		EAE396D02A8779F100E23A28 /* ShapeScreen.swift in Sources */ = {isa = PBXBuildFile; fileRef = EAE396CF2A8779F100E23A28 /* ShapeScreen.swift */; };
		EAEE3EAF2A8B3EF700FD685F /* Scroll.swift in Sources */ = {isa = PBXBuildFile; fileRef = EAEE3EAE2A8B3EF700FD685F /* Scroll.swift */; };
		EAEE3EB12A8B5ECC00FD685F /* Navigation.swift in Sources */ = {isa = PBXBuildFile; fileRef = EAEE3EB02A8B5ECC00FD685F /* Navigation.swift */; };
		EAEE3EB32A8B6D2300FD685F /* Modal.swift in Sources */ = {isa = PBXBuildFile; fileRef = EAEE3EB22A8B6D2300FD685F /* Modal.swift */; };
		EAEE3EB52A8B7C3300FD685F /* AlertScreen.swift in Sources */ = {isa = PBXBuildFile; fileRef = EAEE3EB42A8B7C3300FD685F /* AlertScreen.swift */; };
		EAF3C33F2A8DFA6900D78F7C /* NormalViews.swift in Sources */ = {isa = PBXBuildFile; fileRef = EAF3C33E2A8DFA6900D78F7C /* NormalViews.swift */; };
		EAF3C3412A8E0AF300D78F7C /* ListScreen.swift in Sources */ = {isa = PBXBuildFile; fileRef = EAF3C3402A8E0AF300D78F7C /* ListScreen.swift */; };
		EAF3C3432A8E153A00D78F7C /* GridScreen.swift in Sources */ = {isa = PBXBuildFile; fileRef = EAF3C3422A8E153A00D78F7C /* GridScreen.swift */; };
		EAF3C3472A8E27C200D78F7C /* ForEachScreen.swift in Sources */ = {isa = PBXBuildFile; fileRef = EAF3C3462A8E27C200D78F7C /* ForEachScreen.swift */; };
		EAF3C3492A8E3BA300D78F7C /* GroupBoxScreen.swift in Sources */ = {isa = PBXBuildFile; fileRef = EAF3C3482A8E3BA300D78F7C /* GroupBoxScreen.swift */; };
		EAF3C34B2A8E3F3A00D78F7C /* FormScreen.swift in Sources */ = {isa = PBXBuildFile; fileRef = EAF3C34A2A8E3F3A00D78F7C /* FormScreen.swift */; };
/* End PBXBuildFile section */

/* Begin PBXContainerItemProxy section */
		EA675B672A8F535700BEAF3E /* PBXContainerItemProxy */ = {
			isa = PBXContainerItemProxy;
			containerPortal = EAE396B02A8764B200E23A28 /* Project object */;
			proxyType = 1;
			remoteGlobalIDString = EA675B642A8F535700BEAF3E;
			remoteInfo = "WatchViews Watch App";
		};
/* End PBXContainerItemProxy section */

/* Begin PBXCopyFilesBuildPhase section */
		EA675B762A8F535800BEAF3E /* Embed Watch Content */ = {
			isa = PBXCopyFilesBuildPhase;
			buildActionMask = 2147483647;
			dstPath = "$(CONTENTS_FOLDER_PATH)/Watch";
			dstSubfolderSpec = 16;
			files = (
				EA675B662A8F535700BEAF3E /* WatchViews Watch App.app in Embed Watch Content */,
			);
			name = "Embed Watch Content";
			runOnlyForDeploymentPostprocessing = 0;
		};
/* End PBXCopyFilesBuildPhase section */

/* Begin PBXFileReference section */
		EA1D75622A88C72400BF8A38 /* Function.swift */ = {isa = PBXFileReference; lastKnownFileType = sourcecode.swift; path = Function.swift; sourceTree = "<group>"; };
		EA1D75642A88EFF700BF8A38 /* TabScreen.swift */ = {isa = PBXFileReference; lastKnownFileType = sourcecode.swift; path = TabScreen.swift; sourceTree = "<group>"; };
		EA5973272A8B32D200FE999A /* HomeView.swift */ = {isa = PBXFileReference; lastKnownFileType = sourcecode.swift; path = HomeView.swift; sourceTree = "<group>"; };
		EA675B582A8F2E1300BEAF3E /* MoreScreen.swift */ = {isa = PBXFileReference; lastKnownFileType = sourcecode.swift; path = MoreScreen.swift; sourceTree = "<group>"; };
		EA675B602A8F535700BEAF3E /* WatchViews.app */ = {isa = PBXFileReference; explicitFileType = wrapper.application; includeInIndex = 0; path = WatchViews.app; sourceTree = BUILT_PRODUCTS_DIR; };
		EA675B652A8F535700BEAF3E /* WatchViews Watch App.app */ = {isa = PBXFileReference; explicitFileType = wrapper.application; includeInIndex = 0; path = "WatchViews Watch App.app"; sourceTree = BUILT_PRODUCTS_DIR; };
		EA675B6A2A8F535700BEAF3E /* WatchViewsApp.swift */ = {isa = PBXFileReference; lastKnownFileType = sourcecode.swift; path = WatchViewsApp.swift; sourceTree = "<group>"; };
		EA675B6C2A8F535700BEAF3E /* WatchScreen.swift */ = {isa = PBXFileReference; lastKnownFileType = sourcecode.swift; path = WatchScreen.swift; sourceTree = "<group>"; };
		EA675B6E2A8F535800BEAF3E /* Assets.xcassets */ = {isa = PBXFileReference; lastKnownFileType = folder.assetcatalog; path = Assets.xcassets; sourceTree = "<group>"; };
		EA675B712A8F535800BEAF3E /* Preview Assets.xcassets */ = {isa = PBXFileReference; lastKnownFileType = folder.assetcatalog; path = "Preview Assets.xcassets"; sourceTree = "<group>"; };
		EA675B7C2A8F58CA00BEAF3E /* WatchGaugeScreen.swift */ = {isa = PBXFileReference; lastKnownFileType = sourcecode.swift; path = WatchGaugeScreen.swift; sourceTree = "<group>"; };
		EACF2D3C2A888D3D00ABF2D0 /* ControlScreen.swift */ = {isa = PBXFileReference; lastKnownFileType = sourcecode.swift; path = ControlScreen.swift; sourceTree = "<group>"; };
		EAE396B82A8764B200E23A28 /* SwiftUIDemo.app */ = {isa = PBXFileReference; explicitFileType = wrapper.application; includeInIndex = 0; path = SwiftUIDemo.app; sourceTree = BUILT_PRODUCTS_DIR; };
		EAE396BB2A8764B200E23A28 /* SwiftUIDemoApp.swift */ = {isa = PBXFileReference; lastKnownFileType = sourcecode.swift; path = SwiftUIDemoApp.swift; sourceTree = "<group>"; };
		EAE396BF2A8764B200E23A28 /* Assets.xcassets */ = {isa = PBXFileReference; lastKnownFileType = folder.assetcatalog; path = Assets.xcassets; sourceTree = "<group>"; };
		EAE396C22A8764B200E23A28 /* Preview Assets.xcassets */ = {isa = PBXFileReference; lastKnownFileType = folder.assetcatalog; path = "Preview Assets.xcassets"; sourceTree = "<group>"; };
		EAE396C92A8775BE00E23A28 /* TextScreen.swift */ = {isa = PBXFileReference; lastKnownFileType = sourcecode.swift; path = TextScreen.swift; sourceTree = "<group>"; };
		EAE396CB2A87795800E23A28 /* ImageScreen.swift */ = {isa = PBXFileReference; lastKnownFileType = sourcecode.swift; path = ImageScreen.swift; sourceTree = "<group>"; };
		EAE396CD2A8779AE00E23A28 /* LayoutScreen.swift */ = {isa = PBXFileReference; lastKnownFileType = sourcecode.swift; path = LayoutScreen.swift; sourceTree = "<group>"; };
		EAE396CF2A8779F100E23A28 /* ShapeScreen.swift */ = {isa = PBXFileReference; lastKnownFileType = sourcecode.swift; path = ShapeScreen.swift; sourceTree = "<group>"; };
		EAEE3EAE2A8B3EF700FD685F /* Scroll.swift */ = {isa = PBXFileReference; lastKnownFileType = sourcecode.swift; path = Scroll.swift; sourceTree = "<group>"; };
		EAEE3EB02A8B5ECC00FD685F /* Navigation.swift */ = {isa = PBXFileReference; lastKnownFileType = sourcecode.swift; path = Navigation.swift; sourceTree = "<group>"; };
		EAEE3EB22A8B6D2300FD685F /* Modal.swift */ = {isa = PBXFileReference; lastKnownFileType = sourcecode.swift; path = Modal.swift; sourceTree = "<group>"; };
		EAEE3EB42A8B7C3300FD685F /* AlertScreen.swift */ = {isa = PBXFileReference; lastKnownFileType = sourcecode.swift; path = AlertScreen.swift; sourceTree = "<group>"; };
		EAF3C33E2A8DFA6900D78F7C /* NormalViews.swift */ = {isa = PBXFileReference; lastKnownFileType = sourcecode.swift; path = NormalViews.swift; sourceTree = "<group>"; };
		EAF3C3402A8E0AF300D78F7C /* ListScreen.swift */ = {isa = PBXFileReference; lastKnownFileType = sourcecode.swift; path = ListScreen.swift; sourceTree = "<group>"; };
		EAF3C3422A8E153A00D78F7C /* GridScreen.swift */ = {isa = PBXFileReference; lastKnownFileType = sourcecode.swift; path = GridScreen.swift; sourceTree = "<group>"; };
		EAF3C3462A8E27C200D78F7C /* ForEachScreen.swift */ = {isa = PBXFileReference; lastKnownFileType = sourcecode.swift; path = ForEachScreen.swift; sourceTree = "<group>"; };
		EAF3C3482A8E3BA300D78F7C /* GroupBoxScreen.swift */ = {isa = PBXFileReference; lastKnownFileType = sourcecode.swift; path = GroupBoxScreen.swift; sourceTree = "<group>"; };
		EAF3C34A2A8E3F3A00D78F7C /* FormScreen.swift */ = {isa = PBXFileReference; lastKnownFileType = sourcecode.swift; path = FormScreen.swift; sourceTree = "<group>"; };
/* End PBXFileReference section */

/* Begin PBXFrameworksBuildPhase section */
		EA675B622A8F535700BEAF3E /* Frameworks */ = {
			isa = PBXFrameworksBuildPhase;
			buildActionMask = 2147483647;
			files = (
			);
			runOnlyForDeploymentPostprocessing = 0;
		};
		EAE396B52A8764B200E23A28 /* Frameworks */ = {
			isa = PBXFrameworksBuildPhase;
			buildActionMask = 2147483647;
			files = (
			);
			runOnlyForDeploymentPostprocessing = 0;
		};
/* End PBXFrameworksBuildPhase section */

/* Begin PBXGroup section */
		EA675B692A8F535700BEAF3E /* WatchViews Watch App */ = {
			isa = PBXGroup;
			children = (
				EA675B6A2A8F535700BEAF3E /* WatchViewsApp.swift */,
				EA675B6C2A8F535700BEAF3E /* WatchScreen.swift */,
				EA675B6E2A8F535800BEAF3E /* Assets.xcassets */,
				EA675B702A8F535800BEAF3E /* Preview Content */,
			);
			path = "WatchViews Watch App";
			sourceTree = "<group>";
		};
		EA675B702A8F535800BEAF3E /* Preview Content */ = {
			isa = PBXGroup;
			children = (
				EA675B712A8F535800BEAF3E /* Preview Assets.xcassets */,
			);
			path = "Preview Content";
			sourceTree = "<group>";
		};
		EA675B7A2A8F587400BEAF3E /* ChildScreen */ = {
			isa = PBXGroup;
			children = (
				EAE396C92A8775BE00E23A28 /* TextScreen.swift */,
				EAE396CB2A87795800E23A28 /* ImageScreen.swift */,
				EAE396CD2A8779AE00E23A28 /* LayoutScreen.swift */,
				EAE396CF2A8779F100E23A28 /* ShapeScreen.swift */,
				EACF2D3C2A888D3D00ABF2D0 /* ControlScreen.swift */,
				EAEE3EB22A8B6D2300FD685F /* Modal.swift */,
				EAEE3EB42A8B7C3300FD685F /* AlertScreen.swift */,
				EAF3C3402A8E0AF300D78F7C /* ListScreen.swift */,
				EAF3C3422A8E153A00D78F7C /* GridScreen.swift */,
				EAF3C3462A8E27C200D78F7C /* ForEachScreen.swift */,
				EAF3C3482A8E3BA300D78F7C /* GroupBoxScreen.swift */,
				EAF3C34A2A8E3F3A00D78F7C /* FormScreen.swift */,
				EA675B7C2A8F58CA00BEAF3E /* WatchGaugeScreen.swift */,
			);
			path = ChildScreen;
			sourceTree = "<group>";
		};
		EA675B7B2A8F589800BEAF3E /* Extension */ = {
			isa = PBXGroup;
			children = (
				EA1D75622A88C72400BF8A38 /* Function.swift */,
			);
			path = Extension;
			sourceTree = "<group>";
		};
		EAE396AF2A8764B200E23A28 = {
			isa = PBXGroup;
			children = (
				EAE396BA2A8764B200E23A28 /* SwiftUIDemo */,
				EA675B692A8F535700BEAF3E /* WatchViews Watch App */,
				EAE396B92A8764B200E23A28 /* Products */,
			);
			sourceTree = "<group>";
		};
		EAE396B92A8764B200E23A28 /* Products */ = {
			isa = PBXGroup;
			children = (
				EAE396B82A8764B200E23A28 /* SwiftUIDemo.app */,
				EA675B602A8F535700BEAF3E /* WatchViews.app */,
				EA675B652A8F535700BEAF3E /* WatchViews Watch App.app */,
			);
			name = Products;
			sourceTree = "<group>";
		};
		EAE396BA2A8764B200E23A28 /* SwiftUIDemo */ = {
			isa = PBXGroup;
			children = (
				EAE396BB2A8764B200E23A28 /* SwiftUIDemoApp.swift */,
				EA5973272A8B32D200FE999A /* HomeView.swift */,
				EAF3C33E2A8DFA6900D78F7C /* NormalViews.swift */,
				EA1D75642A88EFF700BF8A38 /* TabScreen.swift */,
				EAEE3EAE2A8B3EF700FD685F /* Scroll.swift */,
				EAEE3EB02A8B5ECC00FD685F /* Navigation.swift */,
				EA675B582A8F2E1300BEAF3E /* MoreScreen.swift */,
				EA675B7A2A8F587400BEAF3E /* ChildScreen */,
				EA675B7B2A8F589800BEAF3E /* Extension */,
				EAE396BF2A8764B200E23A28 /* Assets.xcassets */,
				EAE396C12A8764B200E23A28 /* Preview Content */,
			);
			path = SwiftUIDemo;
			sourceTree = "<group>";
		};
		EAE396C12A8764B200E23A28 /* Preview Content */ = {
			isa = PBXGroup;
			children = (
				EAE396C22A8764B200E23A28 /* Preview Assets.xcassets */,
			);
			path = "Preview Content";
			sourceTree = "<group>";
		};
/* End PBXGroup section */

/* Begin PBXNativeTarget section */
		EA675B5F2A8F535700BEAF3E /* WatchViews */ = {
			isa = PBXNativeTarget;
			buildConfigurationList = EA675B772A8F535800BEAF3E /* Build configuration list for PBXNativeTarget "WatchViews" */;
			buildPhases = (
				EA675B5E2A8F535700BEAF3E /* Resources */,
				EA675B762A8F535800BEAF3E /* Embed Watch Content */,
			);
			buildRules = (
			);
			dependencies = (
				EA675B682A8F535700BEAF3E /* PBXTargetDependency */,
			);
			name = WatchViews;
			productName = WatchViews;
			productReference = EA675B602A8F535700BEAF3E /* WatchViews.app */;
			productType = "com.apple.product-type.application.watchapp2-container";
		};
		EA675B642A8F535700BEAF3E /* WatchViews Watch App */ = {
			isa = PBXNativeTarget;
			buildConfigurationList = EA675B732A8F535800BEAF3E /* Build configuration list for PBXNativeTarget "WatchViews Watch App" */;
			buildPhases = (
				EA675B612A8F535700BEAF3E /* Sources */,
				EA675B622A8F535700BEAF3E /* Frameworks */,
				EA675B632A8F535700BEAF3E /* Resources */,
			);
			buildRules = (
			);
			dependencies = (
			);
			name = "WatchViews Watch App";
			productName = "WatchViews Watch App";
			productReference = EA675B652A8F535700BEAF3E /* WatchViews Watch App.app */;
			productType = "com.apple.product-type.application";
		};
		EAE396B72A8764B200E23A28 /* SwiftUIDemo */ = {
			isa = PBXNativeTarget;
			buildConfigurationList = EAE396C62A8764B200E23A28 /* Build configuration list for PBXNativeTarget "SwiftUIDemo" */;
			buildPhases = (
				EAE396B42A8764B200E23A28 /* Sources */,
				EAE396B52A8764B200E23A28 /* Frameworks */,
				EAE396B62A8764B200E23A28 /* Resources */,
			);
			buildRules = (
			);
			dependencies = (
			);
			name = SwiftUIDemo;
			productName = SwiftUIDemo;
			productReference = EAE396B82A8764B200E23A28 /* SwiftUIDemo.app */;
			productType = "com.apple.product-type.application";
		};
/* End PBXNativeTarget section */

/* Begin PBXProject section */
		EAE396B02A8764B200E23A28 /* Project object */ = {
			isa = PBXProject;
			attributes = {
				BuildIndependentTargetsInParallel = 1;
				LastSwiftUpdateCheck = 1430;
				LastUpgradeCheck = 1430;
				TargetAttributes = {
					EA675B5F2A8F535700BEAF3E = {
						CreatedOnToolsVersion = 14.3.1;
					};
					EA675B642A8F535700BEAF3E = {
						CreatedOnToolsVersion = 14.3.1;
					};
					EAE396B72A8764B200E23A28 = {
						CreatedOnToolsVersion = 14.3.1;
					};
				};
			};
			buildConfigurationList = EAE396B32A8764B200E23A28 /* Build configuration list for PBXProject "SwiftUIDemo" */;
			compatibilityVersion = "Xcode 14.0";
			developmentRegion = en;
			hasScannedForEncodings = 0;
			knownRegions = (
				en,
				Base,
			);
			mainGroup = EAE396AF2A8764B200E23A28;
			productRefGroup = EAE396B92A8764B200E23A28 /* Products */;
			projectDirPath = "";
			projectRoot = "";
			targets = (
				EAE396B72A8764B200E23A28 /* SwiftUIDemo */,
				EA675B5F2A8F535700BEAF3E /* WatchViews */,
				EA675B642A8F535700BEAF3E /* WatchViews Watch App */,
			);
		};
/* End PBXProject section */

/* Begin PBXResourcesBuildPhase section */
		EA675B5E2A8F535700BEAF3E /* Resources */ = {
			isa = PBXResourcesBuildPhase;
			buildActionMask = 2147483647;
			files = (
			);
			runOnlyForDeploymentPostprocessing = 0;
		};
		EA675B632A8F535700BEAF3E /* Resources */ = {
			isa = PBXResourcesBuildPhase;
			buildActionMask = 2147483647;
			files = (
				EA675B722A8F535800BEAF3E /* Preview Assets.xcassets in Resources */,
				EA675B6F2A8F535800BEAF3E /* Assets.xcassets in Resources */,
			);
			runOnlyForDeploymentPostprocessing = 0;
		};
		EAE396B62A8764B200E23A28 /* Resources */ = {
			isa = PBXResourcesBuildPhase;
			buildActionMask = 2147483647;
			files = (
				EAE396C32A8764B200E23A28 /* Preview Assets.xcassets in Resources */,
				EAE396C02A8764B200E23A28 /* Assets.xcassets in Resources */,
			);
			runOnlyForDeploymentPostprocessing = 0;
		};
/* End PBXResourcesBuildPhase section */

/* Begin PBXSourcesBuildPhase section */
		EA675B612A8F535700BEAF3E /* Sources */ = {
			isa = PBXSourcesBuildPhase;
			buildActionMask = 2147483647;
			files = (
				EA675B6D2A8F535700BEAF3E /* WatchScreen.swift in Sources */,
				EA675B6B2A8F535700BEAF3E /* WatchViewsApp.swift in Sources */,
			);
			runOnlyForDeploymentPostprocessing = 0;
		};
		EAE396B42A8764B200E23A28 /* Sources */ = {
			isa = PBXSourcesBuildPhase;
			buildActionMask = 2147483647;
			files = (
				EAF3C34B2A8E3F3A00D78F7C /* FormScreen.swift in Sources */,
				EAE396CE2A8779AE00E23A28 /* LayoutScreen.swift in Sources */,
				EAF3C3432A8E153A00D78F7C /* GridScreen.swift in Sources */,
				EA1D75652A88EFF700BF8A38 /* TabScreen.swift in Sources */,
				EAE396D02A8779F100E23A28 /* ShapeScreen.swift in Sources */,
				EAEE3EB12A8B5ECC00FD685F /* Navigation.swift in Sources */,
				EAF3C3472A8E27C200D78F7C /* ForEachScreen.swift in Sources */,
				EAE396CA2A8775BE00E23A28 /* TextScreen.swift in Sources */,
				EAEE3EAF2A8B3EF700FD685F /* Scroll.swift in Sources */,
				EAEE3EB52A8B7C3300FD685F /* AlertScreen.swift in Sources */,
				EAE396CC2A87795800E23A28 /* ImageScreen.swift in Sources */,
				EA675B7D2A8F58CA00BEAF3E /* WatchGaugeScreen.swift in Sources */,
				EAE396BC2A8764B200E23A28 /* SwiftUIDemoApp.swift in Sources */,
				EAF3C33F2A8DFA6900D78F7C /* NormalViews.swift in Sources */,
				EAF3C3412A8E0AF300D78F7C /* ListScreen.swift in Sources */,
				EACF2D3D2A888D3D00ABF2D0 /* ControlScreen.swift in Sources */,
				EA5973282A8B32D200FE999A /* HomeView.swift in Sources */,
				EA1D75632A88C72400BF8A38 /* Function.swift in Sources */,
				EAEE3EB32A8B6D2300FD685F /* Modal.swift in Sources */,
				EA675B592A8F2E1300BEAF3E /* MoreScreen.swift in Sources */,
				EAF3C3492A8E3BA300D78F7C /* GroupBoxScreen.swift in Sources */,
			);
			runOnlyForDeploymentPostprocessing = 0;
		};
/* End PBXSourcesBuildPhase section */

/* Begin PBXTargetDependency section */
		EA675B682A8F535700BEAF3E /* PBXTargetDependency */ = {
			isa = PBXTargetDependency;
			target = EA675B642A8F535700BEAF3E /* WatchViews Watch App */;
			targetProxy = EA675B672A8F535700BEAF3E /* PBXContainerItemProxy */;
		};
/* End PBXTargetDependency section */

/* Begin XCBuildConfiguration section */
		EA675B742A8F535800BEAF3E /* Debug */ = {
			isa = XCBuildConfiguration;
			buildSettings = {
				ASSETCATALOG_COMPILER_APPICON_NAME = AppIcon;
				ASSETCATALOG_COMPILER_GLOBAL_ACCENT_COLOR_NAME = AccentColor;
				CODE_SIGN_STYLE = Automatic;
				CURRENT_PROJECT_VERSION = 1;
				DEVELOPMENT_ASSET_PATHS = "\"WatchViews Watch App/Preview Content\"";
				DEVELOPMENT_TEAM = DWCVC3AL79;
				ENABLE_PREVIEWS = YES;
				GENERATE_INFOPLIST_FILE = YES;
				INFOPLIST_KEY_CFBundleDisplayName = WatchViews;
				INFOPLIST_KEY_UISupportedInterfaceOrientations = "UIInterfaceOrientationPortrait UIInterfaceOrientationPortraitUpsideDown";
				INFOPLIST_KEY_WKWatchOnly = YES;
				LD_RUNPATH_SEARCH_PATHS = (
					"$(inherited)",
					"@executable_path/Frameworks",
				);
				MARKETING_VERSION = 1.0;
				PRODUCT_BUNDLE_IDENTIFIER = pub.beautylife.WatchViews.watchkitapp;
				PRODUCT_NAME = "$(TARGET_NAME)";
				SDKROOT = watchos;
				SKIP_INSTALL = YES;
				SWIFT_EMIT_LOC_STRINGS = YES;
				SWIFT_VERSION = 5.0;
				TARGETED_DEVICE_FAMILY = 4;
				WATCHOS_DEPLOYMENT_TARGET = 9.4;
			};
			name = Debug;
		};
		EA675B752A8F535800BEAF3E /* Release */ = {
			isa = XCBuildConfiguration;
			buildSettings = {
				ASSETCATALOG_COMPILER_APPICON_NAME = AppIcon;
				ASSETCATALOG_COMPILER_GLOBAL_ACCENT_COLOR_NAME = AccentColor;
				CODE_SIGN_STYLE = Automatic;
				CURRENT_PROJECT_VERSION = 1;
				DEVELOPMENT_ASSET_PATHS = "\"WatchViews Watch App/Preview Content\"";
				DEVELOPMENT_TEAM = DWCVC3AL79;
				ENABLE_PREVIEWS = YES;
				GENERATE_INFOPLIST_FILE = YES;
				INFOPLIST_KEY_CFBundleDisplayName = WatchViews;
				INFOPLIST_KEY_UISupportedInterfaceOrientations = "UIInterfaceOrientationPortrait UIInterfaceOrientationPortraitUpsideDown";
				INFOPLIST_KEY_WKWatchOnly = YES;
				LD_RUNPATH_SEARCH_PATHS = (
					"$(inherited)",
					"@executable_path/Frameworks",
				);
				MARKETING_VERSION = 1.0;
				PRODUCT_BUNDLE_IDENTIFIER = pub.beautylife.WatchViews.watchkitapp;
				PRODUCT_NAME = "$(TARGET_NAME)";
				SDKROOT = watchos;
				SKIP_INSTALL = YES;
				SWIFT_EMIT_LOC_STRINGS = YES;
				SWIFT_VERSION = 5.0;
				TARGETED_DEVICE_FAMILY = 4;
				WATCHOS_DEPLOYMENT_TARGET = 9.4;
			};
			name = Release;
		};
		EA675B782A8F535800BEAF3E /* Debug */ = {
			isa = XCBuildConfiguration;
			buildSettings = {
				ALWAYS_EMBED_SWIFT_STANDARD_LIBRARIES = YES;
				CODE_SIGN_STYLE = Automatic;
				CURRENT_PROJECT_VERSION = 1;
				DEVELOPMENT_TEAM = DWCVC3AL79;
				INFOPLIST_KEY_CFBundleDisplayName = WatchViews;
				MARKETING_VERSION = 1.0;
				PRODUCT_BUNDLE_IDENTIFIER = pub.beautylife.WatchViews;
				PRODUCT_NAME = "$(TARGET_NAME)";
				SWIFT_VERSION = 5.0;
			};
			name = Debug;
		};
		EA675B792A8F535800BEAF3E /* Release */ = {
			isa = XCBuildConfiguration;
			buildSettings = {
				ALWAYS_EMBED_SWIFT_STANDARD_LIBRARIES = YES;
				CODE_SIGN_STYLE = Automatic;
				CURRENT_PROJECT_VERSION = 1;
				DEVELOPMENT_TEAM = DWCVC3AL79;
				INFOPLIST_KEY_CFBundleDisplayName = WatchViews;
				MARKETING_VERSION = 1.0;
				PRODUCT_BUNDLE_IDENTIFIER = pub.beautylife.WatchViews;
				PRODUCT_NAME = "$(TARGET_NAME)";
				SWIFT_VERSION = 5.0;
			};
			name = Release;
		};
		EAE396C42A8764B200E23A28 /* Debug */ = {
			isa = XCBuildConfiguration;
			buildSettings = {
				ALWAYS_SEARCH_USER_PATHS = NO;
				CLANG_ANALYZER_NONNULL = YES;
				CLANG_ANALYZER_NUMBER_OBJECT_CONVERSION = YES_AGGRESSIVE;
				CLANG_CXX_LANGUAGE_STANDARD = "gnu++20";
				CLANG_ENABLE_MODULES = YES;
				CLANG_ENABLE_OBJC_ARC = YES;
				CLANG_ENABLE_OBJC_WEAK = YES;
				CLANG_WARN_BLOCK_CAPTURE_AUTORELEASING = YES;
				CLANG_WARN_BOOL_CONVERSION = YES;
				CLANG_WARN_COMMA = YES;
				CLANG_WARN_CONSTANT_CONVERSION = YES;
				CLANG_WARN_DEPRECATED_OBJC_IMPLEMENTATIONS = YES;
				CLANG_WARN_DIRECT_OBJC_ISA_USAGE = YES_ERROR;
				CLANG_WARN_DOCUMENTATION_COMMENTS = YES;
				CLANG_WARN_EMPTY_BODY = YES;
				CLANG_WARN_ENUM_CONVERSION = YES;
				CLANG_WARN_INFINITE_RECURSION = YES;
				CLANG_WARN_INT_CONVERSION = YES;
				CLANG_WARN_NON_LITERAL_NULL_CONVERSION = YES;
				CLANG_WARN_OBJC_IMPLICIT_RETAIN_SELF = YES;
				CLANG_WARN_OBJC_LITERAL_CONVERSION = YES;
				CLANG_WARN_OBJC_ROOT_CLASS = YES_ERROR;
				CLANG_WARN_QUOTED_INCLUDE_IN_FRAMEWORK_HEADER = YES;
				CLANG_WARN_RANGE_LOOP_ANALYSIS = YES;
				CLANG_WARN_STRICT_PROTOTYPES = YES;
				CLANG_WARN_SUSPICIOUS_MOVE = YES;
				CLANG_WARN_UNGUARDED_AVAILABILITY = YES_AGGRESSIVE;
				CLANG_WARN_UNREACHABLE_CODE = YES;
				CLANG_WARN__DUPLICATE_METHOD_MATCH = YES;
				COPY_PHASE_STRIP = NO;
				DEBUG_INFORMATION_FORMAT = dwarf;
				ENABLE_STRICT_OBJC_MSGSEND = YES;
				ENABLE_TESTABILITY = YES;
				GCC_C_LANGUAGE_STANDARD = gnu11;
				GCC_DYNAMIC_NO_PIC = NO;
				GCC_NO_COMMON_BLOCKS = YES;
				GCC_OPTIMIZATION_LEVEL = 0;
				GCC_PREPROCESSOR_DEFINITIONS = (
					"DEBUG=1",
					"$(inherited)",
				);
				GCC_WARN_64_TO_32_BIT_CONVERSION = YES;
				GCC_WARN_ABOUT_RETURN_TYPE = YES_ERROR;
				GCC_WARN_UNDECLARED_SELECTOR = YES;
				GCC_WARN_UNINITIALIZED_AUTOS = YES_AGGRESSIVE;
				GCC_WARN_UNUSED_FUNCTION = YES;
				GCC_WARN_UNUSED_VARIABLE = YES;
				IPHONEOS_DEPLOYMENT_TARGET = 16.4;
				MTL_ENABLE_DEBUG_INFO = INCLUDE_SOURCE;
				MTL_FAST_MATH = YES;
				ONLY_ACTIVE_ARCH = YES;
				SDKROOT = iphoneos;
				SWIFT_ACTIVE_COMPILATION_CONDITIONS = DEBUG;
				SWIFT_OPTIMIZATION_LEVEL = "-Onone";
			};
			name = Debug;
		};
		EAE396C52A8764B200E23A28 /* Release */ = {
			isa = XCBuildConfiguration;
			buildSettings = {
				ALWAYS_SEARCH_USER_PATHS = NO;
				CLANG_ANALYZER_NONNULL = YES;
				CLANG_ANALYZER_NUMBER_OBJECT_CONVERSION = YES_AGGRESSIVE;
				CLANG_CXX_LANGUAGE_STANDARD = "gnu++20";
				CLANG_ENABLE_MODULES = YES;
				CLANG_ENABLE_OBJC_ARC = YES;
				CLANG_ENABLE_OBJC_WEAK = YES;
				CLANG_WARN_BLOCK_CAPTURE_AUTORELEASING = YES;
				CLANG_WARN_BOOL_CONVERSION = YES;
				CLANG_WARN_COMMA = YES;
				CLANG_WARN_CONSTANT_CONVERSION = YES;
				CLANG_WARN_DEPRECATED_OBJC_IMPLEMENTATIONS = YES;
				CLANG_WARN_DIRECT_OBJC_ISA_USAGE = YES_ERROR;
				CLANG_WARN_DOCUMENTATION_COMMENTS = YES;
				CLANG_WARN_EMPTY_BODY = YES;
				CLANG_WARN_ENUM_CONVERSION = YES;
				CLANG_WARN_INFINITE_RECURSION = YES;
				CLANG_WARN_INT_CONVERSION = YES;
				CLANG_WARN_NON_LITERAL_NULL_CONVERSION = YES;
				CLANG_WARN_OBJC_IMPLICIT_RETAIN_SELF = YES;
				CLANG_WARN_OBJC_LITERAL_CONVERSION = YES;
				CLANG_WARN_OBJC_ROOT_CLASS = YES_ERROR;
				CLANG_WARN_QUOTED_INCLUDE_IN_FRAMEWORK_HEADER = YES;
				CLANG_WARN_RANGE_LOOP_ANALYSIS = YES;
				CLANG_WARN_STRICT_PROTOTYPES = YES;
				CLANG_WARN_SUSPICIOUS_MOVE = YES;
				CLANG_WARN_UNGUARDED_AVAILABILITY = YES_AGGRESSIVE;
				CLANG_WARN_UNREACHABLE_CODE = YES;
				CLANG_WARN__DUPLICATE_METHOD_MATCH = YES;
				COPY_PHASE_STRIP = NO;
				DEBUG_INFORMATION_FORMAT = "dwarf-with-dsym";
				ENABLE_NS_ASSERTIONS = NO;
				ENABLE_STRICT_OBJC_MSGSEND = YES;
				GCC_C_LANGUAGE_STANDARD = gnu11;
				GCC_NO_COMMON_BLOCKS = YES;
				GCC_WARN_64_TO_32_BIT_CONVERSION = YES;
				GCC_WARN_ABOUT_RETURN_TYPE = YES_ERROR;
				GCC_WARN_UNDECLARED_SELECTOR = YES;
				GCC_WARN_UNINITIALIZED_AUTOS = YES_AGGRESSIVE;
				GCC_WARN_UNUSED_FUNCTION = YES;
				GCC_WARN_UNUSED_VARIABLE = YES;
				IPHONEOS_DEPLOYMENT_TARGET = 16.4;
				MTL_ENABLE_DEBUG_INFO = NO;
				MTL_FAST_MATH = YES;
				SDKROOT = iphoneos;
				SWIFT_COMPILATION_MODE = wholemodule;
				SWIFT_OPTIMIZATION_LEVEL = "-O";
				VALIDATE_PRODUCT = YES;
			};
			name = Release;
		};
		EAE396C72A8764B200E23A28 /* Debug */ = {
			isa = XCBuildConfiguration;
			buildSettings = {
				ASSETCATALOG_COMPILER_APPICON_NAME = AppIcon;
				ASSETCATALOG_COMPILER_GLOBAL_ACCENT_COLOR_NAME = AccentColor;
				CODE_SIGN_STYLE = Automatic;
				CURRENT_PROJECT_VERSION = 1;
				DEVELOPMENT_ASSET_PATHS = "\"SwiftUIDemo/Preview Content\"";
				DEVELOPMENT_TEAM = DWCVC3AL79;
				ENABLE_PREVIEWS = YES;
				GENERATE_INFOPLIST_FILE = YES;
				INFOPLIST_KEY_UIApplicationSceneManifest_Generation = YES;
				INFOPLIST_KEY_UIApplicationSupportsIndirectInputEvents = YES;
				INFOPLIST_KEY_UILaunchScreen_Generation = YES;
				INFOPLIST_KEY_UISupportedInterfaceOrientations = "UIInterfaceOrientationLandscapeLeft UIInterfaceOrientationLandscapeRight UIInterfaceOrientationPortrait UIInterfaceOrientationPortraitUpsideDown";
				LD_RUNPATH_SEARCH_PATHS = (
					"$(inherited)",
					"@executable_path/Frameworks",
				);
				MARKETING_VERSION = 1.2a;
				PRODUCT_BUNDLE_IDENTIFIER = pub.beautylife.SwiftUIDemo;
				PRODUCT_NAME = "$(TARGET_NAME)";
				SUPPORTED_PLATFORMS = "iphoneos iphonesimulator";
				SUPPORTS_MACCATALYST = NO;
				SUPPORTS_MAC_DESIGNED_FOR_IPHONE_IPAD = NO;
				SWIFT_EMIT_LOC_STRINGS = YES;
				SWIFT_VERSION = 5.0;
				TARGETED_DEVICE_FAMILY = "1,2";
			};
			name = Debug;
		};
		EAE396C82A8764B200E23A28 /* Release */ = {
			isa = XCBuildConfiguration;
			buildSettings = {
				ASSETCATALOG_COMPILER_APPICON_NAME = AppIcon;
				ASSETCATALOG_COMPILER_GLOBAL_ACCENT_COLOR_NAME = AccentColor;
				CODE_SIGN_STYLE = Automatic;
				CURRENT_PROJECT_VERSION = 1;
				DEVELOPMENT_ASSET_PATHS = "\"SwiftUIDemo/Preview Content\"";
				DEVELOPMENT_TEAM = DWCVC3AL79;
				ENABLE_PREVIEWS = YES;
				GENERATE_INFOPLIST_FILE = YES;
				INFOPLIST_KEY_UIApplicationSceneManifest_Generation = YES;
				INFOPLIST_KEY_UIApplicationSupportsIndirectInputEvents = YES;
				INFOPLIST_KEY_UILaunchScreen_Generation = YES;
				INFOPLIST_KEY_UISupportedInterfaceOrientations = "UIInterfaceOrientationLandscapeLeft UIInterfaceOrientationLandscapeRight UIInterfaceOrientationPortrait UIInterfaceOrientationPortraitUpsideDown";
				LD_RUNPATH_SEARCH_PATHS = (
					"$(inherited)",
					"@executable_path/Frameworks",
				);
				MARKETING_VERSION = 1.2a;
				PRODUCT_BUNDLE_IDENTIFIER = pub.beautylife.SwiftUIDemo;
				PRODUCT_NAME = "$(TARGET_NAME)";
				SUPPORTED_PLATFORMS = "iphoneos iphonesimulator";
				SUPPORTS_MACCATALYST = NO;
				SUPPORTS_MAC_DESIGNED_FOR_IPHONE_IPAD = NO;
				SWIFT_EMIT_LOC_STRINGS = YES;
				SWIFT_VERSION = 5.0;
				TARGETED_DEVICE_FAMILY = "1,2";
			};
			name = Release;
		};
/* End XCBuildConfiguration section */

/* Begin XCConfigurationList section */
		EA675B732A8F535800BEAF3E /* Build configuration list for PBXNativeTarget "WatchViews Watch App" */ = {
			isa = XCConfigurationList;
			buildConfigurations = (
				EA675B742A8F535800BEAF3E /* Debug */,
				EA675B752A8F535800BEAF3E /* Release */,
			);
			defaultConfigurationIsVisible = 0;
			defaultConfigurationName = Release;
		};
		EA675B772A8F535800BEAF3E /* Build configuration list for PBXNativeTarget "WatchViews" */ = {
			isa = XCConfigurationList;
			buildConfigurations = (
				EA675B782A8F535800BEAF3E /* Debug */,
				EA675B792A8F535800BEAF3E /* Release */,
			);
			defaultConfigurationIsVisible = 0;
			defaultConfigurationName = Release;
		};
		EAE396B32A8764B200E23A28 /* Build configuration list for PBXProject "SwiftUIDemo" */ = {
			isa = XCConfigurationList;
			buildConfigurations = (
				EAE396C42A8764B200E23A28 /* Debug */,
				EAE396C52A8764B200E23A28 /* Release */,
			);
			defaultConfigurationIsVisible = 0;
			defaultConfigurationName = Release;
		};
		EAE396C62A8764B200E23A28 /* Build configuration list for PBXNativeTarget "SwiftUIDemo" */ = {
			isa = XCConfigurationList;
			buildConfigurations = (
				EAE396C72A8764B200E23A28 /* Debug */,
				EAE396C82A8764B200E23A28 /* Release */,
			);
			defaultConfigurationIsVisible = 0;
			defaultConfigurationName = Release;
		};
/* End XCConfigurationList section */
	};
	rootObject = EAE396B02A8764B200E23A28 /* Project object */;
}
