// !$*UTF8*$!
{
	archiveVersion = 1;
	classes = {
	};
	objectVersion = 56;
	objects = {

/* Begin PBXBuildFile section */
		EA1D75632A88C72400BF8A38 /* Function.swift in Sources */ = {isa = PBXBuildFile; fileRef = EA1D75622A88C72400BF8A38 /* Function.swift */; };
		EA1D75652A88EFF700BF8A38 /* SixthView.swift in Sources */ = {isa = PBXBuildFile; fileRef = EA1D75642A88EFF700BF8A38 /* SixthView.swift */; };
		EA5973282A8B32D200FE999A /* HomeView.swift in Sources */ = {isa = PBXBuildFile; fileRef = EA5973272A8B32D200FE999A /* HomeView.swift */; };
		EACF2D3D2A888D3D00ABF2D0 /* fifthView.swift in Sources */ = {isa = PBXBuildFile; fileRef = EACF2D3C2A888D3D00ABF2D0 /* fifthView.swift */; };
		EAE396BC2A8764B200E23A28 /* SwiftUIDemoApp.swift in Sources */ = {isa = PBXBuildFile; fileRef = EAE396BB2A8764B200E23A28 /* SwiftUIDemoApp.swift */; };
		EAE396C02A8764B200E23A28 /* Assets.xcassets in Resources */ = {isa = PBXBuildFile; fileRef = EAE396BF2A8764B200E23A28 /* Assets.xcassets */; };
		EAE396C32A8764B200E23A28 /* Preview Assets.xcassets in Resources */ = {isa = PBXBuildFile; fileRef = EAE396C22A8764B200E23A28 /* Preview Assets.xcassets */; };
		EAE396CA2A8775BE00E23A28 /* FirstView.swift in Sources */ = {isa = PBXBuildFile; fileRef = EAE396C92A8775BE00E23A28 /* FirstView.swift */; };
		EAE396CC2A87795800E23A28 /* SecondView.swift in Sources */ = {isa = PBXBuildFile; fileRef = EAE396CB2A87795800E23A28 /* SecondView.swift */; };
		EAE396CE2A8779AE00E23A28 /* ThirdView.swift in Sources */ = {isa = PBXBuildFile; fileRef = EAE396CD2A8779AE00E23A28 /* ThirdView.swift */; };
		EAE396D02A8779F100E23A28 /* ForthView.swift in Sources */ = {isa = PBXBuildFile; fileRef = EAE396CF2A8779F100E23A28 /* ForthView.swift */; };
		EAEE3EAB2A8B3CFC00FD685F /* MultiViews.swift in Sources */ = {isa = PBXBuildFile; fileRef = EAEE3EAA2A8B3CFC00FD685F /* MultiViews.swift */; };
		EAEE3EAF2A8B3EF700FD685F /* Scroll.swift in Sources */ = {isa = PBXBuildFile; fileRef = EAEE3EAE2A8B3EF700FD685F /* Scroll.swift */; };
		EAEE3EB12A8B5ECC00FD685F /* Navigation.swift in Sources */ = {isa = PBXBuildFile; fileRef = EAEE3EB02A8B5ECC00FD685F /* Navigation.swift */; };
		EAEE3EB32A8B6D2300FD685F /* Modal.swift in Sources */ = {isa = PBXBuildFile; fileRef = EAEE3EB22A8B6D2300FD685F /* Modal.swift */; };
		EAEE3EB52A8B7C3300FD685F /* Alert.swift in Sources */ = {isa = PBXBuildFile; fileRef = EAEE3EB42A8B7C3300FD685F /* Alert.swift */; };
/* End PBXBuildFile section */

/* Begin PBXFileReference section */
		EA1D75622A88C72400BF8A38 /* Function.swift */ = {isa = PBXFileReference; lastKnownFileType = sourcecode.swift; path = Function.swift; sourceTree = "<group>"; };
		EA1D75642A88EFF700BF8A38 /* SixthView.swift */ = {isa = PBXFileReference; lastKnownFileType = sourcecode.swift; path = SixthView.swift; sourceTree = "<group>"; };
		EA5973272A8B32D200FE999A /* HomeView.swift */ = {isa = PBXFileReference; lastKnownFileType = sourcecode.swift; path = HomeView.swift; sourceTree = "<group>"; };
		EACF2D3C2A888D3D00ABF2D0 /* fifthView.swift */ = {isa = PBXFileReference; lastKnownFileType = sourcecode.swift; path = fifthView.swift; sourceTree = "<group>"; };
		EAE396B82A8764B200E23A28 /* SwiftUIDemo.app */ = {isa = PBXFileReference; explicitFileType = wrapper.application; includeInIndex = 0; path = SwiftUIDemo.app; sourceTree = BUILT_PRODUCTS_DIR; };
		EAE396BB2A8764B200E23A28 /* SwiftUIDemoApp.swift */ = {isa = PBXFileReference; lastKnownFileType = sourcecode.swift; path = SwiftUIDemoApp.swift; sourceTree = "<group>"; };
		EAE396BF2A8764B200E23A28 /* Assets.xcassets */ = {isa = PBXFileReference; lastKnownFileType = folder.assetcatalog; path = Assets.xcassets; sourceTree = "<group>"; };
		EAE396C22A8764B200E23A28 /* Preview Assets.xcassets */ = {isa = PBXFileReference; lastKnownFileType = folder.assetcatalog; path = "Preview Assets.xcassets"; sourceTree = "<group>"; };
		EAE396C92A8775BE00E23A28 /* FirstView.swift */ = {isa = PBXFileReference; lastKnownFileType = sourcecode.swift; path = FirstView.swift; sourceTree = "<group>"; };
		EAE396CB2A87795800E23A28 /* SecondView.swift */ = {isa = PBXFileReference; lastKnownFileType = sourcecode.swift; path = SecondView.swift; sourceTree = "<group>"; };
		EAE396CD2A8779AE00E23A28 /* ThirdView.swift */ = {isa = PBXFileReference; lastKnownFileType = sourcecode.swift; path = ThirdView.swift; sourceTree = "<group>"; };
		EAE396CF2A8779F100E23A28 /* ForthView.swift */ = {isa = PBXFileReference; lastKnownFileType = sourcecode.swift; path = ForthView.swift; sourceTree = "<group>"; };
		EAEE3EAA2A8B3CFC00FD685F /* MultiViews.swift */ = {isa = PBXFileReference; lastKnownFileType = sourcecode.swift; path = MultiViews.swift; sourceTree = "<group>"; };
		EAEE3EAE2A8B3EF700FD685F /* Scroll.swift */ = {isa = PBXFileReference; lastKnownFileType = sourcecode.swift; path = Scroll.swift; sourceTree = "<group>"; };
		EAEE3EB02A8B5ECC00FD685F /* Navigation.swift */ = {isa = PBXFileReference; lastKnownFileType = sourcecode.swift; path = Navigation.swift; sourceTree = "<group>"; };
		EAEE3EB22A8B6D2300FD685F /* Modal.swift */ = {isa = PBXFileReference; lastKnownFileType = sourcecode.swift; path = Modal.swift; sourceTree = "<group>"; };
		EAEE3EB42A8B7C3300FD685F /* Alert.swift */ = {isa = PBXFileReference; lastKnownFileType = sourcecode.swift; path = Alert.swift; sourceTree = "<group>"; };
/* End PBXFileReference section */

/* Begin PBXFrameworksBuildPhase section */
		EAE396B52A8764B200E23A28 /* Frameworks */ = {
			isa = PBXFrameworksBuildPhase;
			buildActionMask = 2147483647;
			files = (
			);
			runOnlyForDeploymentPostprocessing = 0;
		};
/* End PBXFrameworksBuildPhase section */

/* Begin PBXGroup section */
		EAE396AF2A8764B200E23A28 = {
			isa = PBXGroup;
			children = (
				EAE396BA2A8764B200E23A28 /* SwiftUIDemo */,
				EAE396B92A8764B200E23A28 /* Products */,
			);
			sourceTree = "<group>";
		};
		EAE396B92A8764B200E23A28 /* Products */ = {
			isa = PBXGroup;
			children = (
				EAE396B82A8764B200E23A28 /* SwiftUIDemo.app */,
			);
			name = Products;
			sourceTree = "<group>";
		};
		EAE396BA2A8764B200E23A28 /* SwiftUIDemo */ = {
			isa = PBXGroup;
			children = (
				EAE396BB2A8764B200E23A28 /* SwiftUIDemoApp.swift */,
				EA5973272A8B32D200FE999A /* HomeView.swift */,
				EAEE3EAA2A8B3CFC00FD685F /* MultiViews.swift */,
				EAE396C92A8775BE00E23A28 /* FirstView.swift */,
				EAE396CB2A87795800E23A28 /* SecondView.swift */,
				EAE396CD2A8779AE00E23A28 /* ThirdView.swift */,
				EAE396CF2A8779F100E23A28 /* ForthView.swift */,
				EACF2D3C2A888D3D00ABF2D0 /* fifthView.swift */,
				EA1D75642A88EFF700BF8A38 /* SixthView.swift */,
				EA1D75622A88C72400BF8A38 /* Function.swift */,
				EAEE3EAE2A8B3EF700FD685F /* Scroll.swift */,
				EAEE3EB02A8B5ECC00FD685F /* Navigation.swift */,
				EAEE3EB22A8B6D2300FD685F /* Modal.swift */,
				EAEE3EB42A8B7C3300FD685F /* Alert.swift */,
				EAE396BF2A8764B200E23A28 /* Assets.xcassets */,
				EAE396C12A8764B200E23A28 /* Preview Content */,
			);
			path = SwiftUIDemo;
			sourceTree = "<group>";
		};
		EAE396C12A8764B200E23A28 /* Preview Content */ = {
			isa = PBXGroup;
			children = (
				EAE396C22A8764B200E23A28 /* Preview Assets.xcassets */,
			);
			path = "Preview Content";
			sourceTree = "<group>";
		};
/* End PBXGroup section */

/* Begin PBXNativeTarget section */
		EAE396B72A8764B200E23A28 /* SwiftUIDemo */ = {
			isa = PBXNativeTarget;
			buildConfigurationList = EAE396C62A8764B200E23A28 /* Build configuration list for PBXNativeTarget "SwiftUIDemo" */;
			buildPhases = (
				EAE396B42A8764B200E23A28 /* Sources */,
				EAE396B52A8764B200E23A28 /* Frameworks */,
				EAE396B62A8764B200E23A28 /* Resources */,
			);
			buildRules = (
			);
			dependencies = (
			);
			name = SwiftUIDemo;
			productName = SwiftUIDemo;
			productReference = EAE396B82A8764B200E23A28 /* SwiftUIDemo.app */;
			productType = "com.apple.product-type.application";
		};
/* End PBXNativeTarget section */

/* Begin PBXProject section */
		EAE396B02A8764B200E23A28 /* Project object */ = {
			isa = PBXProject;
			attributes = {
				BuildIndependentTargetsInParallel = 1;
				LastSwiftUpdateCheck = 1430;
				LastUpgradeCheck = 1430;
				TargetAttributes = {
					EAE396B72A8764B200E23A28 = {
						CreatedOnToolsVersion = 14.3.1;
					};
				};
			};
			buildConfigurationList = EAE396B32A8764B200E23A28 /* Build configuration list for PBXProject "SwiftUIDemo" */;
			compatibilityVersion = "Xcode 14.0";
			developmentRegion = en;
			hasScannedForEncodings = 0;
			knownRegions = (
				en,
				Base,
			);
			mainGroup = EAE396AF2A8764B200E23A28;
			productRefGroup = EAE396B92A8764B200E23A28 /* Products */;
			projectDirPath = "";
			projectRoot = "";
			targets = (
				EAE396B72A8764B200E23A28 /* SwiftUIDemo */,
			);
		};
/* End PBXProject section */

/* Begin PBXResourcesBuildPhase section */
		EAE396B62A8764B200E23A28 /* Resources */ = {
			isa = PBXResourcesBuildPhase;
			buildActionMask = 2147483647;
			files = (
				EAE396C32A8764B200E23A28 /* Preview Assets.xcassets in Resources */,
				EAE396C02A8764B200E23A28 /* Assets.xcassets in Resources */,
			);
			runOnlyForDeploymentPostprocessing = 0;
		};
/* End PBXResourcesBuildPhase section */

/* Begin PBXSourcesBuildPhase section */
		EAE396B42A8764B200E23A28 /* Sources */ = {
			isa = PBXSourcesBuildPhase;
			buildActionMask = 2147483647;
			files = (
				EAE396CE2A8779AE00E23A28 /* ThirdView.swift in Sources */,
				EA1D75652A88EFF700BF8A38 /* SixthView.swift in Sources */,
				EAE396D02A8779F100E23A28 /* ForthView.swift in Sources */,
				EAEE3EB12A8B5ECC00FD685F /* Navigation.swift in Sources */,
				EAE396CA2A8775BE00E23A28 /* FirstView.swift in Sources */,
				EAEE3EAF2A8B3EF700FD685F /* Scroll.swift in Sources */,
				EAEE3EB52A8B7C3300FD685F /* Alert.swift in Sources */,
				EAEE3EAB2A8B3CFC00FD685F /* MultiViews.swift in Sources */,
				EAE396CC2A87795800E23A28 /* SecondView.swift in Sources */,
				EAE396BC2A8764B200E23A28 /* SwiftUIDemoApp.swift in Sources */,
				EACF2D3D2A888D3D00ABF2D0 /* fifthView.swift in Sources */,
				EA5973282A8B32D200FE999A /* HomeView.swift in Sources */,
				EA1D75632A88C72400BF8A38 /* Function.swift in Sources */,
				EAEE3EB32A8B6D2300FD685F /* Modal.swift in Sources */,
			);
			runOnlyForDeploymentPostprocessing = 0;
		};
/* End PBXSourcesBuildPhase section */

/* Begin XCBuildConfiguration section */
		EAE396C42A8764B200E23A28 /* Debug */ = {
			isa = XCBuildConfiguration;
			buildSettings = {
				ALWAYS_SEARCH_USER_PATHS = NO;
				CLANG_ANALYZER_NONNULL = YES;
				CLANG_ANALYZER_NUMBER_OBJECT_CONVERSION = YES_AGGRESSIVE;
				CLANG_CXX_LANGUAGE_STANDARD = "gnu++20";
				CLANG_ENABLE_MODULES = YES;
				CLANG_ENABLE_OBJC_ARC = YES;
				CLANG_ENABLE_OBJC_WEAK = YES;
				CLANG_WARN_BLOCK_CAPTURE_AUTORELEASING = YES;
				CLANG_WARN_BOOL_CONVERSION = YES;
				CLANG_WARN_COMMA = YES;
				CLANG_WARN_CONSTANT_CONVERSION = YES;
				CLANG_WARN_DEPRECATED_OBJC_IMPLEMENTATIONS = YES;
				CLANG_WARN_DIRECT_OBJC_ISA_USAGE = YES_ERROR;
				CLANG_WARN_DOCUMENTATION_COMMENTS = YES;
				CLANG_WARN_EMPTY_BODY = YES;
				CLANG_WARN_ENUM_CONVERSION = YES;
				CLANG_WARN_INFINITE_RECURSION = YES;
				CLANG_WARN_INT_CONVERSION = YES;
				CLANG_WARN_NON_LITERAL_NULL_CONVERSION = YES;
				CLANG_WARN_OBJC_IMPLICIT_RETAIN_SELF = YES;
				CLANG_WARN_OBJC_LITERAL_CONVERSION = YES;
				CLANG_WARN_OBJC_ROOT_CLASS = YES_ERROR;
				CLANG_WARN_QUOTED_INCLUDE_IN_FRAMEWORK_HEADER = YES;
				CLANG_WARN_RANGE_LOOP_ANALYSIS = YES;
				CLANG_WARN_STRICT_PROTOTYPES = YES;
				CLANG_WARN_SUSPICIOUS_MOVE = YES;
				CLANG_WARN_UNGUARDED_AVAILABILITY = YES_AGGRESSIVE;
				CLANG_WARN_UNREACHABLE_CODE = YES;
				CLANG_WARN__DUPLICATE_METHOD_MATCH = YES;
				COPY_PHASE_STRIP = NO;
				DEBUG_INFORMATION_FORMAT = dwarf;
				ENABLE_STRICT_OBJC_MSGSEND = YES;
				ENABLE_TESTABILITY = YES;
				GCC_C_LANGUAGE_STANDARD = gnu11;
				GCC_DYNAMIC_NO_PIC = NO;
				GCC_NO_COMMON_BLOCKS = YES;
				GCC_OPTIMIZATION_LEVEL = 0;
				GCC_PREPROCESSOR_DEFINITIONS = (
					"DEBUG=1",
					"$(inherited)",
				);
				GCC_WARN_64_TO_32_BIT_CONVERSION = YES;
				GCC_WARN_ABOUT_RETURN_TYPE = YES_ERROR;
				GCC_WARN_UNDECLARED_SELECTOR = YES;
				GCC_WARN_UNINITIALIZED_AUTOS = YES_AGGRESSIVE;
				GCC_WARN_UNUSED_FUNCTION = YES;
				GCC_WARN_UNUSED_VARIABLE = YES;
				IPHONEOS_DEPLOYMENT_TARGET = 16.4;
				MTL_ENABLE_DEBUG_INFO = INCLUDE_SOURCE;
				MTL_FAST_MATH = YES;
				ONLY_ACTIVE_ARCH = YES;
				SDKROOT = iphoneos;
				SWIFT_ACTIVE_COMPILATION_CONDITIONS = DEBUG;
				SWIFT_OPTIMIZATION_LEVEL = "-Onone";
			};
			name = Debug;
		};
		EAE396C52A8764B200E23A28 /* Release */ = {
			isa = XCBuildConfiguration;
			buildSettings = {
				ALWAYS_SEARCH_USER_PATHS = NO;
				CLANG_ANALYZER_NONNULL = YES;
				CLANG_ANALYZER_NUMBER_OBJECT_CONVERSION = YES_AGGRESSIVE;
				CLANG_CXX_LANGUAGE_STANDARD = "gnu++20";
				CLANG_ENABLE_MODULES = YES;
				CLANG_ENABLE_OBJC_ARC = YES;
				CLANG_ENABLE_OBJC_WEAK = YES;
				CLANG_WARN_BLOCK_CAPTURE_AUTORELEASING = YES;
				CLANG_WARN_BOOL_CONVERSION = YES;
				CLANG_WARN_COMMA = YES;
				CLANG_WARN_CONSTANT_CONVERSION = YES;
				CLANG_WARN_DEPRECATED_OBJC_IMPLEMENTATIONS = YES;
				CLANG_WARN_DIRECT_OBJC_ISA_USAGE = YES_ERROR;
				CLANG_WARN_DOCUMENTATION_COMMENTS = YES;
				CLANG_WARN_EMPTY_BODY = YES;
				CLANG_WARN_ENUM_CONVERSION = YES;
				CLANG_WARN_INFINITE_RECURSION = YES;
				CLANG_WARN_INT_CONVERSION = YES;
				CLANG_WARN_NON_LITERAL_NULL_CONVERSION = YES;
				CLANG_WARN_OBJC_IMPLICIT_RETAIN_SELF = YES;
				CLANG_WARN_OBJC_LITERAL_CONVERSION = YES;
				CLANG_WARN_OBJC_ROOT_CLASS = YES_ERROR;
				CLANG_WARN_QUOTED_INCLUDE_IN_FRAMEWORK_HEADER = YES;
				CLANG_WARN_RANGE_LOOP_ANALYSIS = YES;
				CLANG_WARN_STRICT_PROTOTYPES = YES;
				CLANG_WARN_SUSPICIOUS_MOVE = YES;
				CLANG_WARN_UNGUARDED_AVAILABILITY = YES_AGGRESSIVE;
				CLANG_WARN_UNREACHABLE_CODE = YES;
				CLANG_WARN__DUPLICATE_METHOD_MATCH = YES;
				COPY_PHASE_STRIP = NO;
				DEBUG_INFORMATION_FORMAT = "dwarf-with-dsym";
				ENABLE_NS_ASSERTIONS = NO;
				ENABLE_STRICT_OBJC_MSGSEND = YES;
				GCC_C_LANGUAGE_STANDARD = gnu11;
				GCC_NO_COMMON_BLOCKS = YES;
				GCC_WARN_64_TO_32_BIT_CONVERSION = YES;
				GCC_WARN_ABOUT_RETURN_TYPE = YES_ERROR;
				GCC_WARN_UNDECLARED_SELECTOR = YES;
				GCC_WARN_UNINITIALIZED_AUTOS = YES_AGGRESSIVE;
				GCC_WARN_UNUSED_FUNCTION = YES;
				GCC_WARN_UNUSED_VARIABLE = YES;
				IPHONEOS_DEPLOYMENT_TARGET = 16.4;
				MTL_ENABLE_DEBUG_INFO = NO;
				MTL_FAST_MATH = YES;
				SDKROOT = iphoneos;
				SWIFT_COMPILATION_MODE = wholemodule;
				SWIFT_OPTIMIZATION_LEVEL = "-O";
				VALIDATE_PRODUCT = YES;
			};
			name = Release;
		};
		EAE396C72A8764B200E23A28 /* Debug */ = {
			isa = XCBuildConfiguration;
			buildSettings = {
				ASSETCATALOG_COMPILER_APPICON_NAME = AppIcon;
				ASSETCATALOG_COMPILER_GLOBAL_ACCENT_COLOR_NAME = AccentColor;
				CODE_SIGN_STYLE = Automatic;
				CURRENT_PROJECT_VERSION = a97be18;
				DEVELOPMENT_ASSET_PATHS = "\"SwiftUIDemo/Preview Content\"";
				DEVELOPMENT_TEAM = DWCVC3AL79;
				ENABLE_PREVIEWS = YES;
				GENERATE_INFOPLIST_FILE = YES;
				INFOPLIST_KEY_UIApplicationSceneManifest_Generation = YES;
				INFOPLIST_KEY_UIApplicationSupportsIndirectInputEvents = YES;
				INFOPLIST_KEY_UILaunchScreen_Generation = YES;
				INFOPLIST_KEY_UISupportedInterfaceOrientations_iPad = "UIInterfaceOrientationPortrait UIInterfaceOrientationPortraitUpsideDown UIInterfaceOrientationLandscapeLeft UIInterfaceOrientationLandscapeRight";
				INFOPLIST_KEY_UISupportedInterfaceOrientations_iPhone = "UIInterfaceOrientationPortrait UIInterfaceOrientationLandscapeLeft UIInterfaceOrientationLandscapeRight";
				LD_RUNPATH_SEARCH_PATHS = (
					"$(inherited)",
					"@executable_path/Frameworks",
				);
				MARKETING_VERSION = 1.1;
				PRODUCT_BUNDLE_IDENTIFIER = pub.beautylife.SwiftUIDemo;
				PRODUCT_NAME = "$(TARGET_NAME)";
				SWIFT_EMIT_LOC_STRINGS = YES;
				SWIFT_VERSION = 5.0;
				TARGETED_DEVICE_FAMILY = "1,2";
			};
			name = Debug;
		};
		EAE396C82A8764B200E23A28 /* Release */ = {
			isa = XCBuildConfiguration;
			buildSettings = {
				ASSETCATALOG_COMPILER_APPICON_NAME = AppIcon;
				ASSETCATALOG_COMPILER_GLOBAL_ACCENT_COLOR_NAME = AccentColor;
				CODE_SIGN_STYLE = Automatic;
				CURRENT_PROJECT_VERSION = a97be18;
				DEVELOPMENT_ASSET_PATHS = "\"SwiftUIDemo/Preview Content\"";
				DEVELOPMENT_TEAM = DWCVC3AL79;
				ENABLE_PREVIEWS = YES;
				GENERATE_INFOPLIST_FILE = YES;
				INFOPLIST_KEY_UIApplicationSceneManifest_Generation = YES;
				INFOPLIST_KEY_UIApplicationSupportsIndirectInputEvents = YES;
				INFOPLIST_KEY_UILaunchScreen_Generation = YES;
				INFOPLIST_KEY_UISupportedInterfaceOrientations_iPad = "UIInterfaceOrientationPortrait UIInterfaceOrientationPortraitUpsideDown UIInterfaceOrientationLandscapeLeft UIInterfaceOrientationLandscapeRight";
				INFOPLIST_KEY_UISupportedInterfaceOrientations_iPhone = "UIInterfaceOrientationPortrait UIInterfaceOrientationLandscapeLeft UIInterfaceOrientationLandscapeRight";
				LD_RUNPATH_SEARCH_PATHS = (
					"$(inherited)",
					"@executable_path/Frameworks",
				);
				MARKETING_VERSION = 1.1;
				PRODUCT_BUNDLE_IDENTIFIER = pub.beautylife.SwiftUIDemo;
				PRODUCT_NAME = "$(TARGET_NAME)";
				SWIFT_EMIT_LOC_STRINGS = YES;
				SWIFT_VERSION = 5.0;
				TARGETED_DEVICE_FAMILY = "1,2";
			};
			name = Release;
		};
/* End XCBuildConfiguration section */

/* Begin XCConfigurationList section */
		EAE396B32A8764B200E23A28 /* Build configuration list for PBXProject "SwiftUIDemo" */ = {
			isa = XCConfigurationList;
			buildConfigurations = (
				EAE396C42A8764B200E23A28 /* Debug */,
				EAE396C52A8764B200E23A28 /* Release */,
			);
			defaultConfigurationIsVisible = 0;
			defaultConfigurationName = Release;
		};
		EAE396C62A8764B200E23A28 /* Build configuration list for PBXNativeTarget "SwiftUIDemo" */ = {
			isa = XCConfigurationList;
			buildConfigurations = (
				EAE396C72A8764B200E23A28 /* Debug */,
				EAE396C82A8764B200E23A28 /* Release */,
			);
			defaultConfigurationIsVisible = 0;
			defaultConfigurationName = Release;
		};
/* End XCConfigurationList section */
	};
	rootObject = EAE396B02A8764B200E23A28 /* Project object */;
}
